
Microsoft Visual Studio Solution File, Format Version 12.00
# Visual Studio 14
VisualStudioVersion = 14.0.25420.1
MinimumVisualStudioVersion = 10.0.40219.1
Project("{FAE04EC0-301F-11D3-BF4B-00C04F79EFBC}") = "DeConsolaAMovil", "DeConsolaAMovil\DeConsolaAMovil.csproj", "{E777FC4C-E1E4-438D-937F-6DBBD2DF7BF0}"
EndProject
Project("{FAE04EC0-301F-11D3-BF4B-00C04F79EFBC}") = "HolaMoviles", "HolaMoviles\HolaMoviles\HolaMoviles.csproj", "{05857888-2E09-44EF-BDF9-7D9079041050}"
EndProject
Project("{FAE04EC0-301F-11D3-BF4B-00C04F79EFBC}") = "HolaMoviles.Droid", "HolaMoviles\HolaMoviles.Droid\HolaMoviles.Droid.csproj", "{F4EFD300-5FE4-4A88-9AED-BA63B40967BD}"
EndProject
Project("{FAE04EC0-301F-11D3-BF4B-00C04F79EFBC}") = "HolaMoviles.iOS", "HolaMoviles\HolaMoviles.iOS\HolaMoviles.iOS.csproj", "{12DB0BCC-BA49-4C74-B024-FA7F7746CCEC}"
EndProject
Project("{FAE04EC0-301F-11D3-BF4B-00C04F79EFBC}") = "HolaMoviles.WinPhone", "HolaMoviles\HolaMoviles.WinPhone\HolaMoviles.WinPhone.csproj", "{BA977790-BC8F-4376-8C23-47779EC936F1}"
EndProject
Project("{FAE04EC0-301F-11D3-BF4B-00C04F79EFBC}") = "HolaMoviles.UWP", "HolaMoviles\HolaMoviles.UWP\HolaMoviles.UWP.csproj", "{0999F7EC-5651-4447-A523-219EDB7EBA46}"
EndProject
Project("{FAE04EC0-301F-11D3-BF4B-00C04F79EFBC}") = "HolaMoviles.Windows", "HolaMoviles\HolaMoviles.Windows\HolaMoviles.Windows.csproj", "{EAAB886C-C1DB-4859-B4FA-E5BB0BDEEE32}"
EndProject
Global
	GlobalSection(SolutionConfigurationPlatforms) = preSolution
		Ad-Hoc|Any CPU = Ad-Hoc|Any CPU
		Ad-Hoc|ARM = Ad-Hoc|ARM
		Ad-Hoc|iPhone = Ad-Hoc|iPhone
		Ad-Hoc|iPhoneSimulator = Ad-Hoc|iPhoneSimulator
		Ad-Hoc|x64 = Ad-Hoc|x64
		Ad-Hoc|x86 = Ad-Hoc|x86
		AppStore|Any CPU = AppStore|Any CPU
		AppStore|ARM = AppStore|ARM
		AppStore|iPhone = AppStore|iPhone
		AppStore|iPhoneSimulator = AppStore|iPhoneSimulator
		AppStore|x64 = AppStore|x64
		AppStore|x86 = AppStore|x86
		Debug|Any CPU = Debug|Any CPU
		Debug|ARM = Debug|ARM
		Debug|iPhone = Debug|iPhone
		Debug|iPhoneSimulator = Debug|iPhoneSimulator
		Debug|x64 = Debug|x64
		Debug|x86 = Debug|x86
		Release|Any CPU = Release|Any CPU
		Release|ARM = Release|ARM
		Release|iPhone = Release|iPhone
		Release|iPhoneSimulator = Release|iPhoneSimulator
		Release|x64 = Release|x64
		Release|x86 = Release|x86
	EndGlobalSection
	GlobalSection(ProjectConfigurationPlatforms) = postSolution
		{E777FC4C-E1E4-438D-937F-6DBBD2DF7BF0}.Ad-Hoc|Any CPU.ActiveCfg = Release|Any CPU
		{E777FC4C-E1E4-438D-937F-6DBBD2DF7BF0}.Ad-Hoc|Any CPU.Build.0 = Release|Any CPU
		{E777FC4C-E1E4-438D-937F-6DBBD2DF7BF0}.Ad-Hoc|ARM.ActiveCfg = Release|Any CPU
		{E777FC4C-E1E4-438D-937F-6DBBD2DF7BF0}.Ad-Hoc|ARM.Build.0 = Release|Any CPU
		{E777FC4C-E1E4-438D-937F-6DBBD2DF7BF0}.Ad-Hoc|iPhone.ActiveCfg = Release|Any CPU
		{E777FC4C-E1E4-438D-937F-6DBBD2DF7BF0}.Ad-Hoc|iPhone.Build.0 = Release|Any CPU
		{E777FC4C-E1E4-438D-937F-6DBBD2DF7BF0}.Ad-Hoc|iPhoneSimulator.ActiveCfg = Release|Any CPU
		{E777FC4C-E1E4-438D-937F-6DBBD2DF7BF0}.Ad-Hoc|iPhoneSimulator.Build.0 = Release|Any CPU
		{E777FC4C-E1E4-438D-937F-6DBBD2DF7BF0}.Ad-Hoc|x64.ActiveCfg = Release|Any CPU
		{E777FC4C-E1E4-438D-937F-6DBBD2DF7BF0}.Ad-Hoc|x64.Build.0 = Release|Any CPU
		{E777FC4C-E1E4-438D-937F-6DBBD2DF7BF0}.Ad-Hoc|x86.ActiveCfg = Release|Any CPU
		{E777FC4C-E1E4-438D-937F-6DBBD2DF7BF0}.Ad-Hoc|x86.Build.0 = Release|Any CPU
		{E777FC4C-E1E4-438D-937F-6DBBD2DF7BF0}.AppStore|Any CPU.ActiveCfg = Release|Any CPU
		{E777FC4C-E1E4-438D-937F-6DBBD2DF7BF0}.AppStore|Any CPU.Build.0 = Release|Any CPU
		{E777FC4C-E1E4-438D-937F-6DBBD2DF7BF0}.AppStore|ARM.ActiveCfg = Release|Any CPU
		{E777FC4C-E1E4-438D-937F-6DBBD2DF7BF0}.AppStore|ARM.Build.0 = Release|Any CPU
		{E777FC4C-E1E4-438D-937F-6DBBD2DF7BF0}.AppStore|iPhone.ActiveCfg = Release|Any CPU
		{E777FC4C-E1E4-438D-937F-6DBBD2DF7BF0}.AppStore|iPhone.Build.0 = Release|Any CPU
		{E777FC4C-E1E4-438D-937F-6DBBD2DF7BF0}.AppStore|iPhoneSimulator.ActiveCfg = Release|Any CPU
		{E777FC4C-E1E4-438D-937F-6DBBD2DF7BF0}.AppStore|iPhoneSimulator.Build.0 = Release|Any CPU
		{E777FC4C-E1E4-438D-937F-6DBBD2DF7BF0}.AppStore|x64.ActiveCfg = Release|Any CPU
		{E777FC4C-E1E4-438D-937F-6DBBD2DF7BF0}.AppStore|x64.Build.0 = Release|Any CPU
		{E777FC4C-E1E4-438D-937F-6DBBD2DF7BF0}.AppStore|x86.ActiveCfg = Release|Any CPU
		{E777FC4C-E1E4-438D-937F-6DBBD2DF7BF0}.AppStore|x86.Build.0 = Release|Any CPU
		{E777FC4C-E1E4-438D-937F-6DBBD2DF7BF0}.Debug|Any CPU.ActiveCfg = Debug|Any CPU
		{E777FC4C-E1E4-438D-937F-6DBBD2DF7BF0}.Debug|Any CPU.Build.0 = Debug|Any CPU
		{E777FC4C-E1E4-438D-937F-6DBBD2DF7BF0}.Debug|ARM.ActiveCfg = Debug|Any CPU
		{E777FC4C-E1E4-438D-937F-6DBBD2DF7BF0}.Debug|ARM.Build.0 = Debug|Any CPU
		{E777FC4C-E1E4-438D-937F-6DBBD2DF7BF0}.Debug|iPhone.ActiveCfg = Debug|Any CPU
		{E777FC4C-E1E4-438D-937F-6DBBD2DF7BF0}.Debug|iPhone.Build.0 = Debug|Any CPU
		{E777FC4C-E1E4-438D-937F-6DBBD2DF7BF0}.Debug|iPhoneSimulator.ActiveCfg = Debug|Any CPU
		{E777FC4C-E1E4-438D-937F-6DBBD2DF7BF0}.Debug|iPhoneSimulator.Build.0 = Debug|Any CPU
		{E777FC4C-E1E4-438D-937F-6DBBD2DF7BF0}.Debug|x64.ActiveCfg = Debug|Any CPU
		{E777FC4C-E1E4-438D-937F-6DBBD2DF7BF0}.Debug|x64.Build.0 = Debug|Any CPU
		{E777FC4C-E1E4-438D-937F-6DBBD2DF7BF0}.Debug|x86.ActiveCfg = Debug|Any CPU
		{E777FC4C-E1E4-438D-937F-6DBBD2DF7BF0}.Debug|x86.Build.0 = Debug|Any CPU
		{E777FC4C-E1E4-438D-937F-6DBBD2DF7BF0}.Release|Any CPU.ActiveCfg = Release|Any CPU
		{E777FC4C-E1E4-438D-937F-6DBBD2DF7BF0}.Release|Any CPU.Build.0 = Release|Any CPU
		{E777FC4C-E1E4-438D-937F-6DBBD2DF7BF0}.Release|ARM.ActiveCfg = Release|Any CPU
		{E777FC4C-E1E4-438D-937F-6DBBD2DF7BF0}.Release|ARM.Build.0 = Release|Any CPU
		{E777FC4C-E1E4-438D-937F-6DBBD2DF7BF0}.Release|iPhone.ActiveCfg = Release|Any CPU
		{E777FC4C-E1E4-438D-937F-6DBBD2DF7BF0}.Release|iPhone.Build.0 = Release|Any CPU
		{E777FC4C-E1E4-438D-937F-6DBBD2DF7BF0}.Release|iPhoneSimulator.ActiveCfg = Release|Any CPU
		{E777FC4C-E1E4-438D-937F-6DBBD2DF7BF0}.Release|iPhoneSimulator.Build.0 = Release|Any CPU
		{E777FC4C-E1E4-438D-937F-6DBBD2DF7BF0}.Release|x64.ActiveCfg = Release|Any CPU
		{E777FC4C-E1E4-438D-937F-6DBBD2DF7BF0}.Release|x64.Build.0 = Release|Any CPU
		{E777FC4C-E1E4-438D-937F-6DBBD2DF7BF0}.Release|x86.ActiveCfg = Release|Any CPU
		{E777FC4C-E1E4-438D-937F-6DBBD2DF7BF0}.Release|x86.Build.0 = Release|Any CPU
		{05857888-2E09-44EF-BDF9-7D9079041050}.Ad-Hoc|Any CPU.ActiveCfg = Release|Any CPU
		{05857888-2E09-44EF-BDF9-7D9079041050}.Ad-Hoc|Any CPU.Build.0 = Release|Any CPU
		{05857888-2E09-44EF-BDF9-7D9079041050}.Ad-Hoc|ARM.ActiveCfg = Release|Any CPU
		{05857888-2E09-44EF-BDF9-7D9079041050}.Ad-Hoc|ARM.Build.0 = Release|Any CPU
		{05857888-2E09-44EF-BDF9-7D9079041050}.Ad-Hoc|iPhone.ActiveCfg = Release|Any CPU
		{05857888-2E09-44EF-BDF9-7D9079041050}.Ad-Hoc|iPhone.Build.0 = Release|Any CPU
		{05857888-2E09-44EF-BDF9-7D9079041050}.Ad-Hoc|iPhoneSimulator.ActiveCfg = Release|Any CPU
		{05857888-2E09-44EF-BDF9-7D9079041050}.Ad-Hoc|iPhoneSimulator.Build.0 = Release|Any CPU
		{05857888-2E09-44EF-BDF9-7D9079041050}.Ad-Hoc|x64.ActiveCfg = Release|Any CPU
		{05857888-2E09-44EF-BDF9-7D9079041050}.Ad-Hoc|x64.Build.0 = Release|Any CPU
		{05857888-2E09-44EF-BDF9-7D9079041050}.Ad-Hoc|x86.ActiveCfg = Release|Any CPU
		{05857888-2E09-44EF-BDF9-7D9079041050}.Ad-Hoc|x86.Build.0 = Release|Any CPU
		{05857888-2E09-44EF-BDF9-7D9079041050}.AppStore|Any CPU.ActiveCfg = Release|Any CPU
		{05857888-2E09-44EF-BDF9-7D9079041050}.AppStore|Any CPU.Build.0 = Release|Any CPU
		{05857888-2E09-44EF-BDF9-7D9079041050}.AppStore|ARM.ActiveCfg = Release|Any CPU
		{05857888-2E09-44EF-BDF9-7D9079041050}.AppStore|ARM.Build.0 = Release|Any CPU
		{05857888-2E09-44EF-BDF9-7D9079041050}.AppStore|iPhone.ActiveCfg = Release|Any CPU
		{05857888-2E09-44EF-BDF9-7D9079041050}.AppStore|iPhone.Build.0 = Release|Any CPU
		{05857888-2E09-44EF-BDF9-7D9079041050}.AppStore|iPhoneSimulator.ActiveCfg = Release|Any CPU
		{05857888-2E09-44EF-BDF9-7D9079041050}.AppStore|iPhoneSimulator.Build.0 = Release|Any CPU
		{05857888-2E09-44EF-BDF9-7D9079041050}.AppStore|x64.ActiveCfg = Release|Any CPU
		{05857888-2E09-44EF-BDF9-7D9079041050}.AppStore|x64.Build.0 = Release|Any CPU
		{05857888-2E09-44EF-BDF9-7D9079041050}.AppStore|x86.ActiveCfg = Release|Any CPU
		{05857888-2E09-44EF-BDF9-7D9079041050}.AppStore|x86.Build.0 = Release|Any CPU
		{05857888-2E09-44EF-BDF9-7D9079041050}.Debug|Any CPU.ActiveCfg = Debug|Any CPU
		{05857888-2E09-44EF-BDF9-7D9079041050}.Debug|Any CPU.Build.0 = Debug|Any CPU
		{05857888-2E09-44EF-BDF9-7D9079041050}.Debug|ARM.ActiveCfg = Debug|Any CPU
		{05857888-2E09-44EF-BDF9-7D9079041050}.Debug|ARM.Build.0 = Debug|Any CPU
		{05857888-2E09-44EF-BDF9-7D9079041050}.Debug|iPhone.ActiveCfg = Debug|Any CPU
		{05857888-2E09-44EF-BDF9-7D9079041050}.Debug|iPhone.Build.0 = Debug|Any CPU
		{05857888-2E09-44EF-BDF9-7D9079041050}.Debug|iPhoneSimulator.ActiveCfg = Debug|Any CPU
		{05857888-2E09-44EF-BDF9-7D9079041050}.Debug|iPhoneSimulator.Build.0 = Debug|Any CPU
		{05857888-2E09-44EF-BDF9-7D9079041050}.Debug|x64.ActiveCfg = Debug|Any CPU
		{05857888-2E09-44EF-BDF9-7D9079041050}.Debug|x64.Build.0 = Debug|Any CPU
		{05857888-2E09-44EF-BDF9-7D9079041050}.Debug|x86.ActiveCfg = Debug|Any CPU
		{05857888-2E09-44EF-BDF9-7D9079041050}.Debug|x86.Build.0 = Debug|Any CPU
		{05857888-2E09-44EF-BDF9-7D9079041050}.Release|Any CPU.ActiveCfg = Release|Any CPU
		{05857888-2E09-44EF-BDF9-7D9079041050}.Release|Any CPU.Build.0 = Release|Any CPU
		{05857888-2E09-44EF-BDF9-7D9079041050}.Release|ARM.ActiveCfg = Release|Any CPU
		{05857888-2E09-44EF-BDF9-7D9079041050}.Release|ARM.Build.0 = Release|Any CPU
		{05857888-2E09-44EF-BDF9-7D9079041050}.Release|iPhone.ActiveCfg = Release|Any CPU
		{05857888-2E09-44EF-BDF9-7D9079041050}.Release|iPhone.Build.0 = Release|Any CPU
		{05857888-2E09-44EF-BDF9-7D9079041050}.Release|iPhoneSimulator.ActiveCfg = Release|Any CPU
		{05857888-2E09-44EF-BDF9-7D9079041050}.Release|iPhoneSimulator.Build.0 = Release|Any CPU
		{05857888-2E09-44EF-BDF9-7D9079041050}.Release|x64.ActiveCfg = Release|Any CPU
		{05857888-2E09-44EF-BDF9-7D9079041050}.Release|x64.Build.0 = Release|Any CPU
		{05857888-2E09-44EF-BDF9-7D9079041050}.Release|x86.ActiveCfg = Release|Any CPU
		{05857888-2E09-44EF-BDF9-7D9079041050}.Release|x86.Build.0 = Release|Any CPU
		{F4EFD300-5FE4-4A88-9AED-BA63B40967BD}.Ad-Hoc|Any CPU.ActiveCfg = Release|Any CPU
		{F4EFD300-5FE4-4A88-9AED-BA63B40967BD}.Ad-Hoc|Any CPU.Build.0 = Release|Any CPU
		{F4EFD300-5FE4-4A88-9AED-BA63B40967BD}.Ad-Hoc|Any CPU.Deploy.0 = Release|Any CPU
		{F4EFD300-5FE4-4A88-9AED-BA63B40967BD}.Ad-Hoc|ARM.ActiveCfg = Release|Any CPU
		{F4EFD300-5FE4-4A88-9AED-BA63B40967BD}.Ad-Hoc|ARM.Build.0 = Release|Any CPU
		{F4EFD300-5FE4-4A88-9AED-BA63B40967BD}.Ad-Hoc|ARM.Deploy.0 = Release|Any CPU
		{F4EFD300-5FE4-4A88-9AED-BA63B40967BD}.Ad-Hoc|iPhone.ActiveCfg = Release|Any CPU
		{F4EFD300-5FE4-4A88-9AED-BA63B40967BD}.Ad-Hoc|iPhone.Build.0 = Release|Any CPU
		{F4EFD300-5FE4-4A88-9AED-BA63B40967BD}.Ad-Hoc|iPhone.Deploy.0 = Release|Any CPU
		{F4EFD300-5FE4-4A88-9AED-BA63B40967BD}.Ad-Hoc|iPhoneSimulator.ActiveCfg = Release|Any CPU
		{F4EFD300-5FE4-4A88-9AED-BA63B40967BD}.Ad-Hoc|iPhoneSimulator.Build.0 = Release|Any CPU
		{F4EFD300-5FE4-4A88-9AED-BA63B40967BD}.Ad-Hoc|iPhoneSimulator.Deploy.0 = Release|Any CPU
		{F4EFD300-5FE4-4A88-9AED-BA63B40967BD}.Ad-Hoc|x64.ActiveCfg = Release|Any CPU
		{F4EFD300-5FE4-4A88-9AED-BA63B40967BD}.Ad-Hoc|x64.Build.0 = Release|Any CPU
		{F4EFD300-5FE4-4A88-9AED-BA63B40967BD}.Ad-Hoc|x64.Deploy.0 = Release|Any CPU
		{F4EFD300-5FE4-4A88-9AED-BA63B40967BD}.Ad-Hoc|x86.ActiveCfg = Release|Any CPU
		{F4EFD300-5FE4-4A88-9AED-BA63B40967BD}.Ad-Hoc|x86.Build.0 = Release|Any CPU
		{F4EFD300-5FE4-4A88-9AED-BA63B40967BD}.Ad-Hoc|x86.Deploy.0 = Release|Any CPU
		{F4EFD300-5FE4-4A88-9AED-BA63B40967BD}.AppStore|Any CPU.ActiveCfg = Release|Any CPU
		{F4EFD300-5FE4-4A88-9AED-BA63B40967BD}.AppStore|Any CPU.Build.0 = Release|Any CPU
		{F4EFD300-5FE4-4A88-9AED-BA63B40967BD}.AppStore|Any CPU.Deploy.0 = Release|Any CPU
		{F4EFD300-5FE4-4A88-9AED-BA63B40967BD}.AppStore|ARM.ActiveCfg = Release|Any CPU
		{F4EFD300-5FE4-4A88-9AED-BA63B40967BD}.AppStore|ARM.Build.0 = Release|Any CPU
		{F4EFD300-5FE4-4A88-9AED-BA63B40967BD}.AppStore|ARM.Deploy.0 = Release|Any CPU
		{F4EFD300-5FE4-4A88-9AED-BA63B40967BD}.AppStore|iPhone.ActiveCfg = Release|Any CPU
		{F4EFD300-5FE4-4A88-9AED-BA63B40967BD}.AppStore|iPhone.Build.0 = Release|Any CPU
		{F4EFD300-5FE4-4A88-9AED-BA63B40967BD}.AppStore|iPhone.Deploy.0 = Release|Any CPU
		{F4EFD300-5FE4-4A88-9AED-BA63B40967BD}.AppStore|iPhoneSimulator.ActiveCfg = Release|Any CPU
		{F4EFD300-5FE4-4A88-9AED-BA63B40967BD}.AppStore|iPhoneSimulator.Build.0 = Release|Any CPU
		{F4EFD300-5FE4-4A88-9AED-BA63B40967BD}.AppStore|iPhoneSimulator.Deploy.0 = Release|Any CPU
		{F4EFD300-5FE4-4A88-9AED-BA63B40967BD}.AppStore|x64.ActiveCfg = Release|Any CPU
		{F4EFD300-5FE4-4A88-9AED-BA63B40967BD}.AppStore|x64.Build.0 = Release|Any CPU
		{F4EFD300-5FE4-4A88-9AED-BA63B40967BD}.AppStore|x64.Deploy.0 = Release|Any CPU
		{F4EFD300-5FE4-4A88-9AED-BA63B40967BD}.AppStore|x86.ActiveCfg = Release|Any CPU
		{F4EFD300-5FE4-4A88-9AED-BA63B40967BD}.AppStore|x86.Build.0 = Release|Any CPU
		{F4EFD300-5FE4-4A88-9AED-BA63B40967BD}.AppStore|x86.Deploy.0 = Release|Any CPU
		{F4EFD300-5FE4-4A88-9AED-BA63B40967BD}.Debug|Any CPU.ActiveCfg = Debug|Any CPU
		{F4EFD300-5FE4-4A88-9AED-BA63B40967BD}.Debug|Any CPU.Build.0 = Debug|Any CPU
		{F4EFD300-5FE4-4A88-9AED-BA63B40967BD}.Debug|Any CPU.Deploy.0 = Debug|Any CPU
		{F4EFD300-5FE4-4A88-9AED-BA63B40967BD}.Debug|ARM.ActiveCfg = Debug|Any CPU
		{F4EFD300-5FE4-4A88-9AED-BA63B40967BD}.Debug|ARM.Build.0 = Debug|Any CPU
		{F4EFD300-5FE4-4A88-9AED-BA63B40967BD}.Debug|ARM.Deploy.0 = Debug|Any CPU
		{F4EFD300-5FE4-4A88-9AED-BA63B40967BD}.Debug|iPhone.ActiveCfg = Debug|Any CPU
		{F4EFD300-5FE4-4A88-9AED-BA63B40967BD}.Debug|iPhone.Build.0 = Debug|Any CPU
		{F4EFD300-5FE4-4A88-9AED-BA63B40967BD}.Debug|iPhone.Deploy.0 = Debug|Any CPU
		{F4EFD300-5FE4-4A88-9AED-BA63B40967BD}.Debug|iPhoneSimulator.ActiveCfg = Debug|Any CPU
		{F4EFD300-5FE4-4A88-9AED-BA63B40967BD}.Debug|iPhoneSimulator.Build.0 = Debug|Any CPU
		{F4EFD300-5FE4-4A88-9AED-BA63B40967BD}.Debug|iPhoneSimulator.Deploy.0 = Debug|Any CPU
		{F4EFD300-5FE4-4A88-9AED-BA63B40967BD}.Debug|x64.ActiveCfg = Debug|Any CPU
		{F4EFD300-5FE4-4A88-9AED-BA63B40967BD}.Debug|x64.Build.0 = Debug|Any CPU
		{F4EFD300-5FE4-4A88-9AED-BA63B40967BD}.Debug|x64.Deploy.0 = Debug|Any CPU
		{F4EFD300-5FE4-4A88-9AED-BA63B40967BD}.Debug|x86.ActiveCfg = Debug|Any CPU
		{F4EFD300-5FE4-4A88-9AED-BA63B40967BD}.Debug|x86.Build.0 = Debug|Any CPU
		{F4EFD300-5FE4-4A88-9AED-BA63B40967BD}.Debug|x86.Deploy.0 = Debug|Any CPU
		{F4EFD300-5FE4-4A88-9AED-BA63B40967BD}.Release|Any CPU.ActiveCfg = Release|Any CPU
		{F4EFD300-5FE4-4A88-9AED-BA63B40967BD}.Release|Any CPU.Build.0 = Release|Any CPU
		{F4EFD300-5FE4-4A88-9AED-BA63B40967BD}.Release|Any CPU.Deploy.0 = Release|Any CPU
		{F4EFD300-5FE4-4A88-9AED-BA63B40967BD}.Release|ARM.ActiveCfg = Release|Any CPU
		{F4EFD300-5FE4-4A88-9AED-BA63B40967BD}.Release|ARM.Build.0 = Release|Any CPU
		{F4EFD300-5FE4-4A88-9AED-BA63B40967BD}.Release|ARM.Deploy.0 = Release|Any CPU
		{F4EFD300-5FE4-4A88-9AED-BA63B40967BD}.Release|iPhone.ActiveCfg = Release|Any CPU
		{F4EFD300-5FE4-4A88-9AED-BA63B40967BD}.Release|iPhone.Build.0 = Release|Any CPU
		{F4EFD300-5FE4-4A88-9AED-BA63B40967BD}.Release|iPhone.Deploy.0 = Release|Any CPU
		{F4EFD300-5FE4-4A88-9AED-BA63B40967BD}.Release|iPhoneSimulator.ActiveCfg = Release|Any CPU
		{F4EFD300-5FE4-4A88-9AED-BA63B40967BD}.Release|iPhoneSimulator.Build.0 = Release|Any CPU
		{F4EFD300-5FE4-4A88-9AED-BA63B40967BD}.Release|iPhoneSimulator.Deploy.0 = Release|Any CPU
		{F4EFD300-5FE4-4A88-9AED-BA63B40967BD}.Release|x64.ActiveCfg = Release|Any CPU
		{F4EFD300-5FE4-4A88-9AED-BA63B40967BD}.Release|x64.Build.0 = Release|Any CPU
		{F4EFD300-5FE4-4A88-9AED-BA63B40967BD}.Release|x64.Deploy.0 = Release|Any CPU
		{F4EFD300-5FE4-4A88-9AED-BA63B40967BD}.Release|x86.ActiveCfg = Release|Any CPU
		{F4EFD300-5FE4-4A88-9AED-BA63B40967BD}.Release|x86.Build.0 = Release|Any CPU
		{F4EFD300-5FE4-4A88-9AED-BA63B40967BD}.Release|x86.Deploy.0 = Release|Any CPU
		{12DB0BCC-BA49-4C74-B024-FA7F7746CCEC}.Ad-Hoc|Any CPU.ActiveCfg = Ad-Hoc|iPhone
		{12DB0BCC-BA49-4C74-B024-FA7F7746CCEC}.Ad-Hoc|ARM.ActiveCfg = Ad-Hoc|iPhone
		{12DB0BCC-BA49-4C74-B024-FA7F7746CCEC}.Ad-Hoc|iPhone.ActiveCfg = Ad-Hoc|iPhone
		{12DB0BCC-BA49-4C74-B024-FA7F7746CCEC}.Ad-Hoc|iPhone.Build.0 = Ad-Hoc|iPhone
		{12DB0BCC-BA49-4C74-B024-FA7F7746CCEC}.Ad-Hoc|iPhoneSimulator.ActiveCfg = Ad-Hoc|iPhoneSimulator
		{12DB0BCC-BA49-4C74-B024-FA7F7746CCEC}.Ad-Hoc|iPhoneSimulator.Build.0 = Ad-Hoc|iPhoneSimulator
		{12DB0BCC-BA49-4C74-B024-FA7F7746CCEC}.Ad-Hoc|x64.ActiveCfg = Ad-Hoc|iPhone
		{12DB0BCC-BA49-4C74-B024-FA7F7746CCEC}.Ad-Hoc|x86.ActiveCfg = Ad-Hoc|iPhone
		{12DB0BCC-BA49-4C74-B024-FA7F7746CCEC}.AppStore|Any CPU.ActiveCfg = AppStore|iPhone
		{12DB0BCC-BA49-4C74-B024-FA7F7746CCEC}.AppStore|ARM.ActiveCfg = AppStore|iPhone
		{12DB0BCC-BA49-4C74-B024-FA7F7746CCEC}.AppStore|iPhone.ActiveCfg = AppStore|iPhone
		{12DB0BCC-BA49-4C74-B024-FA7F7746CCEC}.AppStore|iPhone.Build.0 = AppStore|iPhone
		{12DB0BCC-BA49-4C74-B024-FA7F7746CCEC}.AppStore|iPhoneSimulator.ActiveCfg = AppStore|iPhoneSimulator
		{12DB0BCC-BA49-4C74-B024-FA7F7746CCEC}.AppStore|iPhoneSimulator.Build.0 = AppStore|iPhoneSimulator
		{12DB0BCC-BA49-4C74-B024-FA7F7746CCEC}.AppStore|x64.ActiveCfg = AppStore|iPhone
		{12DB0BCC-BA49-4C74-B024-FA7F7746CCEC}.AppStore|x86.ActiveCfg = AppStore|iPhone
		{12DB0BCC-BA49-4C74-B024-FA7F7746CCEC}.Debug|Any CPU.ActiveCfg = Debug|iPhone
		{12DB0BCC-BA49-4C74-B024-FA7F7746CCEC}.Debug|ARM.ActiveCfg = Debug|iPhone
		{12DB0BCC-BA49-4C74-B024-FA7F7746CCEC}.Debug|iPhone.ActiveCfg = Debug|iPhone
		{12DB0BCC-BA49-4C74-B024-FA7F7746CCEC}.Debug|iPhone.Build.0 = Debug|iPhone
		{12DB0BCC-BA49-4C74-B024-FA7F7746CCEC}.Debug|iPhoneSimulator.ActiveCfg = Debug|iPhoneSimulator
		{12DB0BCC-BA49-4C74-B024-FA7F7746CCEC}.Debug|iPhoneSimulator.Build.0 = Debug|iPhoneSimulator
		{12DB0BCC-BA49-4C74-B024-FA7F7746CCEC}.Debug|x64.ActiveCfg = Debug|iPhone
		{12DB0BCC-BA49-4C74-B024-FA7F7746CCEC}.Debug|x86.ActiveCfg = Debug|iPhone
		{12DB0BCC-BA49-4C74-B024-FA7F7746CCEC}.Release|Any CPU.ActiveCfg = Release|iPhone
		{12DB0BCC-BA49-4C74-B024-FA7F7746CCEC}.Release|ARM.ActiveCfg = Release|iPhone
		{12DB0BCC-BA49-4C74-B024-FA7F7746CCEC}.Release|iPhone.ActiveCfg = Release|iPhone
		{12DB0BCC-BA49-4C74-B024-FA7F7746CCEC}.Release|iPhone.Build.0 = Release|iPhone
		{12DB0BCC-BA49-4C74-B024-FA7F7746CCEC}.Release|iPhoneSimulator.ActiveCfg = Release|iPhoneSimulator
		{12DB0BCC-BA49-4C74-B024-FA7F7746CCEC}.Release|iPhoneSimulator.Build.0 = Release|iPhoneSimulator
		{12DB0BCC-BA49-4C74-B024-FA7F7746CCEC}.Release|x64.ActiveCfg = Release|iPhone
		{12DB0BCC-BA49-4C74-B024-FA7F7746CCEC}.Release|x86.ActiveCfg = Release|iPhone
		{BA977790-BC8F-4376-8C23-47779EC936F1}.Ad-Hoc|Any CPU.ActiveCfg = Release|Any CPU
		{BA977790-BC8F-4376-8C23-47779EC936F1}.Ad-Hoc|Any CPU.Build.0 = Release|Any CPU
		{BA977790-BC8F-4376-8C23-47779EC936F1}.Ad-Hoc|Any CPU.Deploy.0 = Release|Any CPU
		{BA977790-BC8F-4376-8C23-47779EC936F1}.Ad-Hoc|ARM.ActiveCfg = Release|ARM
		{BA977790-BC8F-4376-8C23-47779EC936F1}.Ad-Hoc|ARM.Build.0 = Release|ARM
		{BA977790-BC8F-4376-8C23-47779EC936F1}.Ad-Hoc|ARM.Deploy.0 = Release|ARM
		{BA977790-BC8F-4376-8C23-47779EC936F1}.Ad-Hoc|iPhone.ActiveCfg = Release|Any CPU
		{BA977790-BC8F-4376-8C23-47779EC936F1}.Ad-Hoc|iPhone.Build.0 = Release|Any CPU
		{BA977790-BC8F-4376-8C23-47779EC936F1}.Ad-Hoc|iPhone.Deploy.0 = Release|Any CPU
		{BA977790-BC8F-4376-8C23-47779EC936F1}.Ad-Hoc|iPhoneSimulator.ActiveCfg = Release|Any CPU
		{BA977790-BC8F-4376-8C23-47779EC936F1}.Ad-Hoc|iPhoneSimulator.Build.0 = Release|Any CPU
		{BA977790-BC8F-4376-8C23-47779EC936F1}.Ad-Hoc|iPhoneSimulator.Deploy.0 = Release|Any CPU
		{BA977790-BC8F-4376-8C23-47779EC936F1}.Ad-Hoc|x64.ActiveCfg = Release|Any CPU
		{BA977790-BC8F-4376-8C23-47779EC936F1}.Ad-Hoc|x64.Build.0 = Release|Any CPU
		{BA977790-BC8F-4376-8C23-47779EC936F1}.Ad-Hoc|x64.Deploy.0 = Release|Any CPU
		{BA977790-BC8F-4376-8C23-47779EC936F1}.Ad-Hoc|x86.ActiveCfg = Release|x86
		{BA977790-BC8F-4376-8C23-47779EC936F1}.Ad-Hoc|x86.Build.0 = Release|x86
		{BA977790-BC8F-4376-8C23-47779EC936F1}.Ad-Hoc|x86.Deploy.0 = Release|x86
		{BA977790-BC8F-4376-8C23-47779EC936F1}.AppStore|Any CPU.ActiveCfg = Release|Any CPU
		{BA977790-BC8F-4376-8C23-47779EC936F1}.AppStore|Any CPU.Build.0 = Release|Any CPU
		{BA977790-BC8F-4376-8C23-47779EC936F1}.AppStore|Any CPU.Deploy.0 = Release|Any CPU
		{BA977790-BC8F-4376-8C23-47779EC936F1}.AppStore|ARM.ActiveCfg = Release|ARM
		{BA977790-BC8F-4376-8C23-47779EC936F1}.AppStore|ARM.Build.0 = Release|ARM
		{BA977790-BC8F-4376-8C23-47779EC936F1}.AppStore|ARM.Deploy.0 = Release|ARM
		{BA977790-BC8F-4376-8C23-47779EC936F1}.AppStore|iPhone.ActiveCfg = Release|Any CPU
		{BA977790-BC8F-4376-8C23-47779EC936F1}.AppStore|iPhone.Build.0 = Release|Any CPU
		{BA977790-BC8F-4376-8C23-47779EC936F1}.AppStore|iPhone.Deploy.0 = Release|Any CPU
		{BA977790-BC8F-4376-8C23-47779EC936F1}.AppStore|iPhoneSimulator.ActiveCfg = Release|Any CPU
		{BA977790-BC8F-4376-8C23-47779EC936F1}.AppStore|iPhoneSimulator.Build.0 = Release|Any CPU
		{BA977790-BC8F-4376-8C23-47779EC936F1}.AppStore|iPhoneSimulator.Deploy.0 = Release|Any CPU
		{BA977790-BC8F-4376-8C23-47779EC936F1}.AppStore|x64.ActiveCfg = Release|Any CPU
		{BA977790-BC8F-4376-8C23-47779EC936F1}.AppStore|x64.Build.0 = Release|Any CPU
		{BA977790-BC8F-4376-8C23-47779EC936F1}.AppStore|x64.Deploy.0 = Release|Any CPU
		{BA977790-BC8F-4376-8C23-47779EC936F1}.AppStore|x86.ActiveCfg = Release|x86
		{BA977790-BC8F-4376-8C23-47779EC936F1}.AppStore|x86.Build.0 = Release|x86
		{BA977790-BC8F-4376-8C23-47779EC936F1}.AppStore|x86.Deploy.0 = Release|x86
		{BA977790-BC8F-4376-8C23-47779EC936F1}.Debug|Any CPU.ActiveCfg = Debug|Any CPU
		{BA977790-BC8F-4376-8C23-47779EC936F1}.Debug|Any CPU.Build.0 = Debug|Any CPU
		{BA977790-BC8F-4376-8C23-47779EC936F1}.Debug|Any CPU.Deploy.0 = Debug|Any CPU
		{BA977790-BC8F-4376-8C23-47779EC936F1}.Debug|ARM.ActiveCfg = Debug|ARM
		{BA977790-BC8F-4376-8C23-47779EC936F1}.Debug|ARM.Build.0 = Debug|ARM
		{BA977790-BC8F-4376-8C23-47779EC936F1}.Debug|ARM.Deploy.0 = Debug|ARM
		{BA977790-BC8F-4376-8C23-47779EC936F1}.Debug|iPhone.ActiveCfg = Debug|Any CPU
		{BA977790-BC8F-4376-8C23-47779EC936F1}.Debug|iPhone.Build.0 = Debug|Any CPU
		{BA977790-BC8F-4376-8C23-47779EC936F1}.Debug|iPhone.Deploy.0 = Debug|Any CPU
		{BA977790-BC8F-4376-8C23-47779EC936F1}.Debug|iPhoneSimulator.ActiveCfg = Debug|Any CPU
		{BA977790-BC8F-4376-8C23-47779EC936F1}.Debug|iPhoneSimulator.Build.0 = Debug|Any CPU
		{BA977790-BC8F-4376-8C23-47779EC936F1}.Debug|iPhoneSimulator.Deploy.0 = Debug|Any CPU
		{BA977790-BC8F-4376-8C23-47779EC936F1}.Debug|x64.ActiveCfg = Debug|Any CPU
		{BA977790-BC8F-4376-8C23-47779EC936F1}.Debug|x64.Build.0 = Debug|Any CPU
		{BA977790-BC8F-4376-8C23-47779EC936F1}.Debug|x64.Deploy.0 = Debug|Any CPU
		{BA977790-BC8F-4376-8C23-47779EC936F1}.Debug|x86.ActiveCfg = Debug|x86
		{BA977790-BC8F-4376-8C23-47779EC936F1}.Debug|x86.Build.0 = Debug|x86
		{BA977790-BC8F-4376-8C23-47779EC936F1}.Debug|x86.Deploy.0 = Debug|x86
		{BA977790-BC8F-4376-8C23-47779EC936F1}.Release|Any CPU.ActiveCfg = Release|Any CPU
		{BA977790-BC8F-4376-8C23-47779EC936F1}.Release|Any CPU.Build.0 = Release|Any CPU
		{BA977790-BC8F-4376-8C23-47779EC936F1}.Release|Any CPU.Deploy.0 = Release|Any CPU
		{BA977790-BC8F-4376-8C23-47779EC936F1}.Release|ARM.ActiveCfg = Release|ARM
		{BA977790-BC8F-4376-8C23-47779EC936F1}.Release|ARM.Build.0 = Release|ARM
		{BA977790-BC8F-4376-8C23-47779EC936F1}.Release|ARM.Deploy.0 = Release|ARM
		{BA977790-BC8F-4376-8C23-47779EC936F1}.Release|iPhone.ActiveCfg = Release|Any CPU
		{BA977790-BC8F-4376-8C23-47779EC936F1}.Release|iPhone.Build.0 = Release|Any CPU
		{BA977790-BC8F-4376-8C23-47779EC936F1}.Release|iPhone.Deploy.0 = Release|Any CPU
		{BA977790-BC8F-4376-8C23-47779EC936F1}.Release|iPhoneSimulator.ActiveCfg = Release|Any CPU
		{BA977790-BC8F-4376-8C23-47779EC936F1}.Release|iPhoneSimulator.Build.0 = Release|Any CPU
		{BA977790-BC8F-4376-8C23-47779EC936F1}.Release|iPhoneSimulator.Deploy.0 = Release|Any CPU
		{BA977790-BC8F-4376-8C23-47779EC936F1}.Release|x64.ActiveCfg = Release|Any CPU
		{BA977790-BC8F-4376-8C23-47779EC936F1}.Release|x64.Build.0 = Release|Any CPU
		{BA977790-BC8F-4376-8C23-47779EC936F1}.Release|x64.Deploy.0 = Release|Any CPU
		{BA977790-BC8F-4376-8C23-47779EC936F1}.Release|x86.ActiveCfg = Release|x86
		{BA977790-BC8F-4376-8C23-47779EC936F1}.Release|x86.Build.0 = Release|x86
		{BA977790-BC8F-4376-8C23-47779EC936F1}.Release|x86.Deploy.0 = Release|x86
		{0999F7EC-5651-4447-A523-219EDB7EBA46}.Ad-Hoc|Any CPU.ActiveCfg = Release|x86
		{0999F7EC-5651-4447-A523-219EDB7EBA46}.Ad-Hoc|Any CPU.Build.0 = Release|x86
		{0999F7EC-5651-4447-A523-219EDB7EBA46}.Ad-Hoc|Any CPU.Deploy.0 = Release|x86
		{0999F7EC-5651-4447-A523-219EDB7EBA46}.Ad-Hoc|ARM.ActiveCfg = Release|ARM
		{0999F7EC-5651-4447-A523-219EDB7EBA46}.Ad-Hoc|ARM.Build.0 = Release|ARM
		{0999F7EC-5651-4447-A523-219EDB7EBA46}.Ad-Hoc|ARM.Deploy.0 = Release|ARM
		{0999F7EC-5651-4447-A523-219EDB7EBA46}.Ad-Hoc|iPhone.ActiveCfg = Release|x86
		{0999F7EC-5651-4447-A523-219EDB7EBA46}.Ad-Hoc|iPhone.Build.0 = Release|x86
		{0999F7EC-5651-4447-A523-219EDB7EBA46}.Ad-Hoc|iPhone.Deploy.0 = Release|x86
		{0999F7EC-5651-4447-A523-219EDB7EBA46}.Ad-Hoc|iPhoneSimulator.ActiveCfg = Release|x86
		{0999F7EC-5651-4447-A523-219EDB7EBA46}.Ad-Hoc|iPhoneSimulator.Build.0 = Release|x86
		{0999F7EC-5651-4447-A523-219EDB7EBA46}.Ad-Hoc|iPhoneSimulator.Deploy.0 = Release|x86
		{0999F7EC-5651-4447-A523-219EDB7EBA46}.Ad-Hoc|x64.ActiveCfg = Release|x64
		{0999F7EC-5651-4447-A523-219EDB7EBA46}.Ad-Hoc|x64.Build.0 = Release|x64
		{0999F7EC-5651-4447-A523-219EDB7EBA46}.Ad-Hoc|x64.Deploy.0 = Release|x64
		{0999F7EC-5651-4447-A523-219EDB7EBA46}.Ad-Hoc|x86.ActiveCfg = Release|x86
		{0999F7EC-5651-4447-A523-219EDB7EBA46}.Ad-Hoc|x86.Build.0 = Release|x86
		{0999F7EC-5651-4447-A523-219EDB7EBA46}.Ad-Hoc|x86.Deploy.0 = Release|x86
		{0999F7EC-5651-4447-A523-219EDB7EBA46}.AppStore|Any CPU.ActiveCfg = Release|x86
		{0999F7EC-5651-4447-A523-219EDB7EBA46}.AppStore|Any CPU.Build.0 = Release|x86
		{0999F7EC-5651-4447-A523-219EDB7EBA46}.AppStore|Any CPU.Deploy.0 = Release|x86
		{0999F7EC-5651-4447-A523-219EDB7EBA46}.AppStore|ARM.ActiveCfg = Release|ARM
		{0999F7EC-5651-4447-A523-219EDB7EBA46}.AppStore|ARM.Build.0 = Release|ARM
		{0999F7EC-5651-4447-A523-219EDB7EBA46}.AppStore|ARM.Deploy.0 = Release|ARM
		{0999F7EC-5651-4447-A523-219EDB7EBA46}.AppStore|iPhone.ActiveCfg = Release|x86
		{0999F7EC-5651-4447-A523-219EDB7EBA46}.AppStore|iPhone.Build.0 = Release|x86
		{0999F7EC-5651-4447-A523-219EDB7EBA46}.AppStore|iPhone.Deploy.0 = Release|x86
		{0999F7EC-5651-4447-A523-219EDB7EBA46}.AppStore|iPhoneSimulator.ActiveCfg = Release|x86
		{0999F7EC-5651-4447-A523-219EDB7EBA46}.AppStore|iPhoneSimulator.Build.0 = Release|x86
		{0999F7EC-5651-4447-A523-219EDB7EBA46}.AppStore|iPhoneSimulator.Deploy.0 = Release|x86
		{0999F7EC-5651-4447-A523-219EDB7EBA46}.AppStore|x64.ActiveCfg = Release|x64
		{0999F7EC-5651-4447-A523-219EDB7EBA46}.AppStore|x64.Build.0 = Release|x64
		{0999F7EC-5651-4447-A523-219EDB7EBA46}.AppStore|x64.Deploy.0 = Release|x64
		{0999F7EC-5651-4447-A523-219EDB7EBA46}.AppStore|x86.ActiveCfg = Release|x86
		{0999F7EC-5651-4447-A523-219EDB7EBA46}.AppStore|x86.Build.0 = Release|x86
		{0999F7EC-5651-4447-A523-219EDB7EBA46}.AppStore|x86.Deploy.0 = Release|x86
		{0999F7EC-5651-4447-A523-219EDB7EBA46}.Debug|Any CPU.ActiveCfg = Debug|x86
		{0999F7EC-5651-4447-A523-219EDB7EBA46}.Debug|ARM.ActiveCfg = Debug|ARM
		{0999F7EC-5651-4447-A523-219EDB7EBA46}.Debug|ARM.Build.0 = Debug|ARM
		{0999F7EC-5651-4447-A523-219EDB7EBA46}.Debug|ARM.Deploy.0 = Debug|ARM
		{0999F7EC-5651-4447-A523-219EDB7EBA46}.Debug|iPhone.ActiveCfg = Debug|x86
		{0999F7EC-5651-4447-A523-219EDB7EBA46}.Debug|iPhoneSimulator.ActiveCfg = Debug|x86
		{0999F7EC-5651-4447-A523-219EDB7EBA46}.Debug|x64.ActiveCfg = Debug|x64
		{0999F7EC-5651-4447-A523-219EDB7EBA46}.Debug|x64.Build.0 = Debug|x64
		{0999F7EC-5651-4447-A523-219EDB7EBA46}.Debug|x64.Deploy.0 = Debug|x64
		{0999F7EC-5651-4447-A523-219EDB7EBA46}.Debug|x86.ActiveCfg = Debug|x86
		{0999F7EC-5651-4447-A523-219EDB7EBA46}.Debug|x86.Build.0 = Debug|x86
		{0999F7EC-5651-4447-A523-219EDB7EBA46}.Debug|x86.Deploy.0 = Debug|x86
		{0999F7EC-5651-4447-A523-219EDB7EBA46}.Release|Any CPU.ActiveCfg = Release|x86
		{0999F7EC-5651-4447-A523-219EDB7EBA46}.Release|ARM.ActiveCfg = Release|ARM
		{0999F7EC-5651-4447-A523-219EDB7EBA46}.Release|ARM.Build.0 = Release|ARM
		{0999F7EC-5651-4447-A523-219EDB7EBA46}.Release|ARM.Deploy.0 = Release|ARM
		{0999F7EC-5651-4447-A523-219EDB7EBA46}.Release|iPhone.ActiveCfg = Release|x86
		{0999F7EC-5651-4447-A523-219EDB7EBA46}.Release|iPhoneSimulator.ActiveCfg = Release|x86
		{0999F7EC-5651-4447-A523-219EDB7EBA46}.Release|x64.ActiveCfg = Release|x64
		{0999F7EC-5651-4447-A523-219EDB7EBA46}.Release|x64.Build.0 = Release|x64
		{0999F7EC-5651-4447-A523-219EDB7EBA46}.Release|x64.Deploy.0 = Release|x64
		{0999F7EC-5651-4447-A523-219EDB7EBA46}.Release|x86.ActiveCfg = Release|x86
		{0999F7EC-5651-4447-A523-219EDB7EBA46}.Release|x86.Build.0 = Release|x86
		{0999F7EC-5651-4447-A523-219EDB7EBA46}.Release|x86.Deploy.0 = Release|x86
		{EAAB886C-C1DB-4859-B4FA-E5BB0BDEEE32}.Ad-Hoc|Any CPU.ActiveCfg = Release|Any CPU
		{EAAB886C-C1DB-4859-B4FA-E5BB0BDEEE32}.Ad-Hoc|Any CPU.Build.0 = Release|Any CPU
		{EAAB886C-C1DB-4859-B4FA-E5BB0BDEEE32}.Ad-Hoc|Any CPU.Deploy.0 = Release|Any CPU
		{EAAB886C-C1DB-4859-B4FA-E5BB0BDEEE32}.Ad-Hoc|ARM.ActiveCfg = Release|ARM
		{EAAB886C-C1DB-4859-B4FA-E5BB0BDEEE32}.Ad-Hoc|ARM.Build.0 = Release|ARM
		{EAAB886C-C1DB-4859-B4FA-E5BB0BDEEE32}.Ad-Hoc|ARM.Deploy.0 = Release|ARM
		{EAAB886C-C1DB-4859-B4FA-E5BB0BDEEE32}.Ad-Hoc|iPhone.ActiveCfg = Release|Any CPU
		{EAAB886C-C1DB-4859-B4FA-E5BB0BDEEE32}.Ad-Hoc|iPhone.Build.0 = Release|Any CPU
		{EAAB886C-C1DB-4859-B4FA-E5BB0BDEEE32}.Ad-Hoc|iPhone.Deploy.0 = Release|Any CPU
		{EAAB886C-C1DB-4859-B4FA-E5BB0BDEEE32}.Ad-Hoc|iPhoneSimulator.ActiveCfg = Release|Any CPU
		{EAAB886C-C1DB-4859-B4FA-E5BB0BDEEE32}.Ad-Hoc|iPhoneSimulator.Build.0 = Release|Any CPU
		{EAAB886C-C1DB-4859-B4FA-E5BB0BDEEE32}.Ad-Hoc|iPhoneSimulator.Deploy.0 = Release|Any CPU
		{EAAB886C-C1DB-4859-B4FA-E5BB0BDEEE32}.Ad-Hoc|x64.ActiveCfg = Release|x64
		{EAAB886C-C1DB-4859-B4FA-E5BB0BDEEE32}.Ad-Hoc|x64.Build.0 = Release|x64
		{EAAB886C-C1DB-4859-B4FA-E5BB0BDEEE32}.Ad-Hoc|x64.Deploy.0 = Release|x64
		{EAAB886C-C1DB-4859-B4FA-E5BB0BDEEE32}.Ad-Hoc|x86.ActiveCfg = Release|x86
		{EAAB886C-C1DB-4859-B4FA-E5BB0BDEEE32}.Ad-Hoc|x86.Build.0 = Release|x86
		{EAAB886C-C1DB-4859-B4FA-E5BB0BDEEE32}.Ad-Hoc|x86.Deploy.0 = Release|x86
		{EAAB886C-C1DB-4859-B4FA-E5BB0BDEEE32}.AppStore|Any CPU.ActiveCfg = Release|Any CPU
		{EAAB886C-C1DB-4859-B4FA-E5BB0BDEEE32}.AppStore|Any CPU.Build.0 = Release|Any CPU
		{EAAB886C-C1DB-4859-B4FA-E5BB0BDEEE32}.AppStore|Any CPU.Deploy.0 = Release|Any CPU
		{EAAB886C-C1DB-4859-B4FA-E5BB0BDEEE32}.AppStore|ARM.ActiveCfg = Release|ARM
		{EAAB886C-C1DB-4859-B4FA-E5BB0BDEEE32}.AppStore|ARM.Build.0 = Release|ARM
		{EAAB886C-C1DB-4859-B4FA-E5BB0BDEEE32}.AppStore|ARM.Deploy.0 = Release|ARM
		{EAAB886C-C1DB-4859-B4FA-E5BB0BDEEE32}.AppStore|iPhone.ActiveCfg = Release|Any CPU
		{EAAB886C-C1DB-4859-B4FA-E5BB0BDEEE32}.AppStore|iPhone.Build.0 = Release|Any CPU
		{EAAB886C-C1DB-4859-B4FA-E5BB0BDEEE32}.AppStore|iPhone.Deploy.0 = Release|Any CPU
		{EAAB886C-C1DB-4859-B4FA-E5BB0BDEEE32}.AppStore|iPhoneSimulator.ActiveCfg = Release|Any CPU
		{EAAB886C-C1DB-4859-B4FA-E5BB0BDEEE32}.AppStore|iPhoneSimulator.Build.0 = Release|Any CPU
		{EAAB886C-C1DB-4859-B4FA-E5BB0BDEEE32}.AppStore|iPhoneSimulator.Deploy.0 = Release|Any CPU
		{EAAB886C-C1DB-4859-B4FA-E5BB0BDEEE32}.AppStore|x64.ActiveCfg = Release|x64
		{EAAB886C-C1DB-4859-B4FA-E5BB0BDEEE32}.AppStore|x64.Build.0 = Release|x64
		{EAAB886C-C1DB-4859-B4FA-E5BB0BDEEE32}.AppStore|x64.Deploy.0 = Release|x64
		{EAAB886C-C1DB-4859-B4FA-E5BB0BDEEE32}.AppStore|x86.ActiveCfg = Release|x86
		{EAAB886C-C1DB-4859-B4FA-E5BB0BDEEE32}.AppStore|x86.Build.0 = Release|x86
		{EAAB886C-C1DB-4859-B4FA-E5BB0BDEEE32}.AppStore|x86.Deploy.0 = Release|x86
		{EAAB886C-C1DB-4859-B4FA-E5BB0BDEEE32}.Debug|Any CPU.ActiveCfg = Debug|Any CPU
		{EAAB886C-C1DB-4859-B4FA-E5BB0BDEEE32}.Debug|Any CPU.Build.0 = Debug|Any CPU
		{EAAB886C-C1DB-4859-B4FA-E5BB0BDEEE32}.Debug|Any CPU.Deploy.0 = Debug|Any CPU
		{EAAB886C-C1DB-4859-B4FA-E5BB0BDEEE32}.Debug|ARM.ActiveCfg = Debug|ARM
		{EAAB886C-C1DB-4859-B4FA-E5BB0BDEEE32}.Debug|ARM.Build.0 = Debug|ARM
		{EAAB886C-C1DB-4859-B4FA-E5BB0BDEEE32}.Debug|ARM.Deploy.0 = Debug|ARM
		{EAAB886C-C1DB-4859-B4FA-E5BB0BDEEE32}.Debug|iPhone.ActiveCfg = Debug|Any CPU
		{EAAB886C-C1DB-4859-B4FA-E5BB0BDEEE32}.Debug|iPhone.Build.0 = Debug|Any CPU
		{EAAB886C-C1DB-4859-B4FA-E5BB0BDEEE32}.Debug|iPhone.Deploy.0 = Debug|Any CPU
		{EAAB886C-C1DB-4859-B4FA-E5BB0BDEEE32}.Debug|iPhoneSimulator.ActiveCfg = Debug|Any CPU
		{EAAB886C-C1DB-4859-B4FA-E5BB0BDEEE32}.Debug|iPhoneSimulator.Build.0 = Debug|Any CPU
		{EAAB886C-C1DB-4859-B4FA-E5BB0BDEEE32}.Debug|iPhoneSimulator.Deploy.0 = Debug|Any CPU
		{EAAB886C-C1DB-4859-B4FA-E5BB0BDEEE32}.Debug|x64.ActiveCfg = Debug|x64
		{EAAB886C-C1DB-4859-B4FA-E5BB0BDEEE32}.Debug|x64.Build.0 = Debug|x64
		{EAAB886C-C1DB-4859-B4FA-E5BB0BDEEE32}.Debug|x64.Deploy.0 = Debug|x64
		{EAAB886C-C1DB-4859-B4FA-E5BB0BDEEE32}.Debug|x86.ActiveCfg = Debug|x86
		{EAAB886C-C1DB-4859-B4FA-E5BB0BDEEE32}.Debug|x86.Build.0 = Debug|x86
		{EAAB886C-C1DB-4859-B4FA-E5BB0BDEEE32}.Debug|x86.Deploy.0 = Debug|x86
		{EAAB886C-C1DB-4859-B4FA-E5BB0BDEEE32}.Release|Any CPU.ActiveCfg = Release|Any CPU
		{EAAB886C-C1DB-4859-B4FA-E5BB0BDEEE32}.Release|Any CPU.Build.0 = Release|Any CPU
		{EAAB886C-C1DB-4859-B4FA-E5BB0BDEEE32}.Release|Any CPU.Deploy.0 = Release|Any CPU
		{EAAB886C-C1DB-4859-B4FA-E5BB0BDEEE32}.Release|ARM.ActiveCfg = Release|ARM
		{EAAB886C-C1DB-4859-B4FA-E5BB0BDEEE32}.Release|ARM.Build.0 = Release|ARM
		{EAAB886C-C1DB-4859-B4FA-E5BB0BDEEE32}.Release|ARM.Deploy.0 = Release|ARM
		{EAAB886C-C1DB-4859-B4FA-E5BB0BDEEE32}.Release|iPhone.ActiveCfg = Release|Any CPU
		{EAAB886C-C1DB-4859-B4FA-E5BB0BDEEE32}.Release|iPhone.Build.0 = Release|Any CPU
		{EAAB886C-C1DB-4859-B4FA-E5BB0BDEEE32}.Release|iPhone.Deploy.0 = Release|Any CPU
		{EAAB886C-C1DB-4859-B4FA-E5BB0BDEEE32}.Release|iPhoneSimulator.ActiveCfg = Release|Any CPU
		{EAAB886C-C1DB-4859-B4FA-E5BB0BDEEE32}.Release|iPhoneSimulator.Build.0 = Release|Any CPU
		{EAAB886C-C1DB-4859-B4FA-E5BB0BDEEE32}.Release|iPhoneSimulator.Deploy.0 = Release|Any CPU
		{EAAB886C-C1DB-4859-B4FA-E5BB0BDEEE32}.Release|x64.ActiveCfg = Release|x64
		{EAAB886C-C1DB-4859-B4FA-E5BB0BDEEE32}.Release|x64.Build.0 = Release|x64
		{EAAB886C-C1DB-4859-B4FA-E5BB0BDEEE32}.Release|x64.Deploy.0 = Release|x64
		{EAAB886C-C1DB-4859-B4FA-E5BB0BDEEE32}.Release|x86.ActiveCfg = Release|x86
		{EAAB886C-C1DB-4859-B4FA-E5BB0BDEEE32}.Release|x86.Build.0 = Release|x86
		{EAAB886C-C1DB-4859-B4FA-E5BB0BDEEE32}.Release|x86.Deploy.0 = Release|x86
	EndGlobalSection
	GlobalSection(SolutionProperties) = preSolution
		HideSolutionNode = FALSE
	EndGlobalSection
EndGlobal
